
Microsoft Visual Studio Solution File, Format Version 12.00
# Visual Studio Version 17
VisualStudioVersion = 17.9.34701.34
MinimumVisualStudioVersion = 10.0.40219.1
Project("{FAE04EC0-301F-11D3-BF4B-00C04F79EFBC}") = "AljabarLibraries", "AljabarLibraries\AljabarLibraries.csproj", "{8146A892-61A9-44C0-A733-8858DB7B61EF}"
EndProject
Project("{FAE04EC0-301F-11D3-BF4B-00C04F79EFBC}") = "AljabarDriver", "AljabarDriver\AljabarDriver.csproj", "{BAC6B460-908D-4773-8F73-10461428BBFB}"
	ProjectSection(ProjectDependencies) = postProject
		{8146A892-61A9-44C0-A733-8858DB7B61EF} = {8146A892-61A9-44C0-A733-8858DB7B61EF}
	EndProjectSection
EndProject
Global
	GlobalSection(SolutionConfigurationPlatforms) = preSolution
		Debug|Any CPU = Debug|Any CPU
		Release|Any CPU = Release|Any CPU
	EndGlobalSection
	GlobalSection(ProjectConfigurationPlatforms) = postSolution
		{8146A892-61A9-44C0-A733-8858DB7B61EF}.Debug|Any CPU.ActiveCfg = Debug|Any CPU
		{8146A892-61A9-44C0-A733-8858DB7B61EF}.Debug|Any CPU.Build.0 = Debug|Any CPU
		{8146A892-61A9-44C0-A733-8858DB7B61EF}.Release|Any CPU.ActiveCfg = Release|Any CPU
		{8146A892-61A9-44C0-A733-8858DB7B61EF}.Release|Any CPU.Build.0 = Release|Any CPU
		{BAC6B460-908D-4773-8F73-10461428BBFB}.Debug|Any CPU.ActiveCfg = Debug|Any CPU
		{BAC6B460-908D-4773-8F73-10461428BBFB}.Debug|Any CPU.Build.0 = Debug|Any CPU
		{BAC6B460-908D-4773-8F73-10461428BBFB}.Release|Any CPU.ActiveCfg = Release|Any CPU
		{BAC6B460-908D-4773-8F73-10461428BBFB}.Release|Any CPU.Build.0 = Release|Any CPU
	EndGlobalSection
	GlobalSection(SolutionProperties) = preSolution
		HideSolutionNode = FALSE
	EndGlobalSection
	GlobalSection(ExtensibilityGlobals) = postSolution
		SolutionGuid = {205A8CA8-D738-4982-98ED-F6D484B0D1F8}
	EndGlobalSection
EndGlobal
